
Microsoft Visual Studio Solution File, Format Version 12.00
# Visual Studio 2012
Project("{FAE04EC0-301F-11D3-BF4B-00C04F79EFBC}") = "T4Samples", "T4Samples\T4Samples.csproj", "{2BB026C1-94DB-4976-B10A-E9A017545EAE}"
EndProject
Project("{2150E333-8FDC-42A3-9474-1A3956D46DE8}") = ".nuget", ".nuget", "{1B31B9F7-1FB9-4611-82F0-94DFFC53B9D9}"
	ProjectSection(SolutionItems) = preProject
		.nuget\packages.config = .nuget\packages.config
	EndProjectSection
EndProject
Global
	GlobalSection(SolutionConfigurationPlatforms) = preSolution
		Debug|Any CPU = Debug|Any CPU
		Release|Any CPU = Release|Any CPU
	EndGlobalSection
	GlobalSection(ProjectConfigurationPlatforms) = postSolution
		{2BB026C1-94DB-4976-B10A-E9A017545EAE}.Debug|Any CPU.ActiveCfg = Debug|Any CPU
		{2BB026C1-94DB-4976-B10A-E9A017545EAE}.Debug|Any CPU.Build.0 = Debug|Any CPU
		{2BB026C1-94DB-4976-B10A-E9A017545EAE}.Release|Any CPU.ActiveCfg = Release|Any CPU
		{2BB026C1-94DB-4976-B10A-E9A017545EAE}.Release|Any CPU.Build.0 = Release|Any CPU
	EndGlobalSection
	GlobalSection(SolutionProperties) = preSolution
		HideSolutionNode = FALSE
	EndGlobalSection
EndGlobal
